
Microsoft Visual Studio Solution File, Format Version 12.00
# Visual Studio 2013
VisualStudioVersion = 12.0.31101.0
MinimumVisualStudioVersion = 10.0.40219.1
Project("{FAE04EC0-301F-11D3-BF4B-00C04F79EFBC}") = "TheStillHeron", "TheStillHeron\TheStillHeron.csproj", "{72CB80ED-1655-46AC-9F23-D5A1A31523AB}"
EndProject
Project("{FAE04EC0-301F-11D3-BF4B-00C04F79EFBC}") = "TheStillHeron.Tests", "TheStillHeron.Tests\TheStillHeron.Tests.csproj", "{5CC09907-09EA-4AF5-8035-99A30FA35C1E}"
EndProject
Global
	GlobalSection(SolutionConfigurationPlatforms) = preSolution
		Debug|Any CPU = Debug|Any CPU
		Release|Any CPU = Release|Any CPU
	EndGlobalSection
	GlobalSection(ProjectConfigurationPlatforms) = postSolution
		{72CB80ED-1655-46AC-9F23-D5A1A31523AB}.Debug|Any CPU.ActiveCfg = Debug|Any CPU
		{72CB80ED-1655-46AC-9F23-D5A1A31523AB}.Debug|Any CPU.Build.0 = Debug|Any CPU
		{72CB80ED-1655-46AC-9F23-D5A1A31523AB}.Release|Any CPU.ActiveCfg = Release|Any CPU
		{72CB80ED-1655-46AC-9F23-D5A1A31523AB}.Release|Any CPU.Build.0 = Release|Any CPU
		{5CC09907-09EA-4AF5-8035-99A30FA35C1E}.Debug|Any CPU.ActiveCfg = Debug|Any CPU
		{5CC09907-09EA-4AF5-8035-99A30FA35C1E}.Debug|Any CPU.Build.0 = Debug|Any CPU
		{5CC09907-09EA-4AF5-8035-99A30FA35C1E}.Release|Any CPU.ActiveCfg = Release|Any CPU
		{5CC09907-09EA-4AF5-8035-99A30FA35C1E}.Release|Any CPU.Build.0 = Release|Any CPU
	EndGlobalSection
	GlobalSection(SolutionProperties) = preSolution
		HideSolutionNode = FALSE
	EndGlobalSection
EndGlobal
